
Microsoft Visual Studio Solution File, Format Version 12.00
# Visual Studio 15
VisualStudioVersion = 15.0.27428.2005
MinimumVisualStudioVersion = 10.0.40219.1
Project("{FAE04EC0-301F-11D3-BF4B-00C04F79EFBC}") = "Overerving5Oefenen", "Overerving5Oefenen\Overerving5Oefenen.csproj", "{867C57DB-172B-4147-9808-DFBD9774B23E}"
EndProject
Global
	GlobalSection(SolutionConfigurationPlatforms) = preSolution
		Debug|Any CPU = Debug|Any CPU
		Release|Any CPU = Release|Any CPU
	EndGlobalSection
	GlobalSection(ProjectConfigurationPlatforms) = postSolution
		{867C57DB-172B-4147-9808-DFBD9774B23E}.Debug|Any CPU.ActiveCfg = Debug|Any CPU
		{867C57DB-172B-4147-9808-DFBD9774B23E}.Debug|Any CPU.Build.0 = Debug|Any CPU
		{867C57DB-172B-4147-9808-DFBD9774B23E}.Release|Any CPU.ActiveCfg = Release|Any CPU
		{867C57DB-172B-4147-9808-DFBD9774B23E}.Release|Any CPU.Build.0 = Release|Any CPU
	EndGlobalSection
	GlobalSection(SolutionProperties) = preSolution
		HideSolutionNode = FALSE
	EndGlobalSection
	GlobalSection(ExtensibilityGlobals) = postSolution
		SolutionGuid = {F078D61B-F8DB-4454-8721-2FB1250D8FC9}
	EndGlobalSection
EndGlobal
